// !$*UTF8*$!
{
	archiveVersion = 1;
	classes = {
	};
	objectVersion = 46;
	objects = {

/* Begin PBXBuildFile section */
		B31F9EEB17C7B1B8002EB13D /* Foundation.framework in Frameworks */ = {isa = PBXBuildFile; fileRef = B31F9EEA17C7B1B8002EB13D /* Foundation.framework */; };
		B31F9EEE17C7B1B8002EB13D /* main.m in Sources */ = {isa = PBXBuildFile; fileRef = B31F9EED17C7B1B8002EB13D /* main.m */; };
		B31F9EF217C7B1B8002EB13D /* KVC.1 in CopyFiles */ = {isa = PBXBuildFile; fileRef = B31F9EF117C7B1B8002EB13D /* KVC.1 */; };
		B31F9EFA17C7B1D2002EB13D /* Person.m in Sources */ = {isa = PBXBuildFile; fileRef = B31F9EF917C7B1D2002EB13D /* Person.m */; };
		B31F9EFD17C7B26C002EB13D /* AppleDevice.m in Sources */ = {isa = PBXBuildFile; fileRef = B31F9EFC17C7B26C002EB13D /* AppleDevice.m */; };
/* End PBXBuildFile section */

/* Begin PBXCopyFilesBuildPhase section */
		B31F9EE517C7B1B8002EB13D /* CopyFiles */ = {
			isa = PBXCopyFilesBuildPhase;
			buildActionMask = 2147483647;
			dstPath = /usr/share/man/man1/;
			dstSubfolderSpec = 0;
			files = (
				B31F9EF217C7B1B8002EB13D /* KVC.1 in CopyFiles */,
			);
			runOnlyForDeploymentPostprocessing = 1;
		};
/* End PBXCopyFilesBuildPhase section */

/* Begin PBXFileReference section */
		B31F9EE717C7B1B8002EB13D /* KVC */ = {isa = PBXFileReference; explicitFileType = "compiled.mach-o.executable"; includeInIndex = 0; path = KVC; sourceTree = BUILT_PRODUCTS_DIR; };
		B31F9EEA17C7B1B8002EB13D /* Foundation.framework */ = {isa = PBXFileReference; lastKnownFileType = wrapper.framework; name = Foundation.framework; path = System/Library/Frameworks/Foundation.framework; sourceTree = SDKROOT; };
		B31F9EED17C7B1B8002EB13D /* main.m */ = {isa = PBXFileReference; lastKnownFileType = sourcecode.c.objc; path = main.m; sourceTree = "<group>"; };
		B31F9EF017C7B1B8002EB13D /* KVC-Prefix.pch */ = {isa = PBXFileReference; lastKnownFileType = sourcecode.c.h; path = "KVC-Prefix.pch"; sourceTree = "<group>"; };
		B31F9EF117C7B1B8002EB13D /* KVC.1 */ = {isa = PBXFileReference; lastKnownFileType = text.man; path = KVC.1; sourceTree = "<group>"; };
		B31F9EF817C7B1D2002EB13D /* Person.h */ = {isa = PBXFileReference; fileEncoding = 4; lastKnownFileType = sourcecode.c.h; path = Person.h; sourceTree = "<group>"; };
		B31F9EF917C7B1D2002EB13D /* Person.m */ = {isa = PBXFileReference; fileEncoding = 4; lastKnownFileType = sourcecode.c.objc; path = Person.m; sourceTree = "<group>"; };
		B31F9EFB17C7B26C002EB13D /* AppleDevice.h */ = {isa = PBXFileReference; fileEncoding = 4; lastKnownFileType = sourcecode.c.h; path = AppleDevice.h; sourceTree = "<group>"; };
		B31F9EFC17C7B26C002EB13D /* AppleDevice.m */ = {isa = PBXFileReference; fileEncoding = 4; lastKnownFileType = sourcecode.c.objc; path = AppleDevice.m; sourceTree = "<group>"; };
/* End PBXFileReference section */

/* Begin PBXFrameworksBuildPhase section */
		B31F9EE417C7B1B8002EB13D /* Frameworks */ = {
			isa = PBXFrameworksBuildPhase;
			buildActionMask = 2147483647;
			files = (
				B31F9EEB17C7B1B8002EB13D /* Foundation.framework in Frameworks */,
			);
			runOnlyForDeploymentPostprocessing = 0;
		};
/* End PBXFrameworksBuildPhase section */

/* Begin PBXGroup section */
		B31F9EDE17C7B1B8002EB13D = {
			isa = PBXGroup;
			children = (
				B31F9EEC17C7B1B8002EB13D /* KVC */,
				B31F9EE917C7B1B8002EB13D /* Frameworks */,
				B31F9EE817C7B1B8002EB13D /* Products */,
			);
			sourceTree = "<group>";
		};
		B31F9EE817C7B1B8002EB13D /* Products */ = {
			isa = PBXGroup;
			children = (
				B31F9EE717C7B1B8002EB13D /* KVC */,
			);
			name = Products;
			sourceTree = "<group>";
		};
		B31F9EE917C7B1B8002EB13D /* Frameworks */ = {
			isa = PBXGroup;
			children = (
				B31F9EEA17C7B1B8002EB13D /* Foundation.framework */,
			);
			name = Frameworks;
			sourceTree = "<group>";
		};
		B31F9EEC17C7B1B8002EB13D /* KVC */ = {
			isa = PBXGroup;
			children = (
				B31F9EED17C7B1B8002EB13D /* main.m */,
				B31F9EF117C7B1B8002EB13D /* KVC.1 */,
				B31F9EEF17C7B1B8002EB13D /* Supporting Files */,
				B31F9EF817C7B1D2002EB13D /* Person.h */,
				B31F9EFB17C7B26C002EB13D /* AppleDevice.h */,
				B31F9EFC17C7B26C002EB13D /* AppleDevice.m */,
				B31F9EF917C7B1D2002EB13D /* Person.m */,
			);
			path = KVC;
			sourceTree = "<group>";
		};
		B31F9EEF17C7B1B8002EB13D /* Supporting Files */ = {
			isa = PBXGroup;
			children = (
				B31F9EF017C7B1B8002EB13D /* KVC-Prefix.pch */,
			);
			name = "Supporting Files";
			sourceTree = "<group>";
		};
/* End PBXGroup section */

/* Begin PBXNativeTarget section */
		B31F9EE617C7B1B8002EB13D /* KVC */ = {
			isa = PBXNativeTarget;
			buildConfigurationList = B31F9EF517C7B1B8002EB13D /* Build configuration list for PBXNativeTarget "KVC" */;
			buildPhases = (
				B31F9EE317C7B1B8002EB13D /* Sources */,
				B31F9EE417C7B1B8002EB13D /* Frameworks */,
				B31F9EE517C7B1B8002EB13D /* CopyFiles */,
			);
			buildRules = (
			);
			dependencies = (
			);
			name = KVC;
			productName = KVC;
			productReference = B31F9EE717C7B1B8002EB13D /* KVC */;
			productType = "com.apple.product-type.tool";
		};
/* End PBXNativeTarget section */

/* Begin PBXProject section */
		B31F9EDF17C7B1B8002EB13D /* Project object */ = {
			isa = PBXProject;
			attributes = {
				LastUpgradeCheck = 0460;
				ORGANIZATIONNAME = "Hendy Ou";
			};
			buildConfigurationList = B31F9EE217C7B1B8002EB13D /* Build configuration list for PBXProject "KVC" */;
			compatibilityVersion = "Xcode 3.2";
			developmentRegion = English;
			hasScannedForEncodings = 0;
			knownRegions = (
				en,
			);
			mainGroup = B31F9EDE17C7B1B8002EB13D;
			productRefGroup = B31F9EE817C7B1B8002EB13D /* Products */;
			projectDirPath = "";
			projectRoot = "";
			targets = (
				B31F9EE617C7B1B8002EB13D /* KVC */,
			);
		};
/* End PBXProject section */

/* Begin PBXSourcesBuildPhase section */
		B31F9EE317C7B1B8002EB13D /* Sources */ = {
			isa = PBXSourcesBuildPhase;
			buildActionMask = 2147483647;
			files = (
				B31F9EEE17C7B1B8002EB13D /* main.m in Sources */,
				B31F9EFA17C7B1D2002EB13D /* Person.m in Sources */,
				B31F9EFD17C7B26C002EB13D /* AppleDevice.m in Sources */,
			);
			runOnlyForDeploymentPostprocessing = 0;
		};
/* End PBXSourcesBuildPhase section */

/* Begin XCBuildConfiguration section */
		B31F9EF317C7B1B8002EB13D /* Debug */ = {
			isa = XCBuildConfiguration;
			buildSettings = {
				ALWAYS_SEARCH_USER_PATHS = NO;
				ARCHS = "$(ARCHS_STANDARD_64_BIT)";
				CLANG_CXX_LANGUAGE_STANDARD = "gnu++0x";
				CLANG_CXX_LIBRARY = "libc++";
				CLANG_WARN_CONSTANT_CONVERSION = YES;
				CLANG_WARN_EMPTY_BODY = YES;
				CLANG_WARN_ENUM_CONVERSION = YES;
				CLANG_WARN_INT_CONVERSION = YES;
				CLANG_WARN__DUPLICATE_METHOD_MATCH = YES;
				COPY_PHASE_STRIP = NO;
				GCC_C_LANGUAGE_STANDARD = gnu99;
				GCC_DYNAMIC_NO_PIC = NO;
				GCC_ENABLE_OBJC_EXCEPTIONS = YES;
				GCC_OPTIMIZATION_LEVEL = 0;
				GCC_PREPROCESSOR_DEFINITIONS = (
					"DEBUG=1",
					"$(inherited)",
				);
				GCC_SYMBOLS_PRIVATE_EXTERN = NO;
				GCC_WARN_64_TO_32_BIT_CONVERSION = YES;
				GCC_WARN_ABOUT_RETURN_TYPE = YES;
				GCC_WARN_UNINITIALIZED_AUTOS = YES;
				GCC_WARN_UNUSED_VARIABLE = YES;
				MACOSX_DEPLOYMENT_TARGET = 10.8;
				ONLY_ACTIVE_ARCH = YES;
				SDKROOT = macosx;
			};
			name = Debug;
		};
		B31F9EF417C7B1B8002EB13D /* Release */ = {
			isa = XCBuildConfiguration;
			buildSettings = {
				ALWAYS_SEARCH_USER_PATHS = NO;
				ARCHS = "$(ARCHS_STANDARD_64_BIT)";
				CLANG_CXX_LANGUAGE_STANDARD = "gnu++0x";
				CLANG_CXX_LIBRARY = "libc++";
				CLANG_WARN_CONSTANT_CONVERSION = YES;
				CLANG_WARN_EMPTY_BODY = YES;
				CLANG_WARN_ENUM_CONVERSION = YES;
				CLANG_WARN_INT_CONVERSION = YES;
				CLANG_WARN__DUPLICATE_METHOD_MATCH = YES;
				COPY_PHASE_STRIP = YES;
				DEBUG_INFORMATION_FORMAT = "dwarf-with-dsym";
				GCC_C_LANGUAGE_STANDARD = gnu99;
				GCC_ENABLE_OBJC_EXCEPTIONS = YES;
				GCC_WARN_64_TO_32_BIT_CONVERSION = YES;
				GCC_WARN_ABOUT_RETURN_TYPE = YES;
				GCC_WARN_UNINITIALIZED_AUTOS = YES;
				GCC_WARN_UNUSED_VARIABLE = YES;
				MACOSX_DEPLOYMENT_TARGET = 10.8;
				SDKROOT = macosx;
			};
			name = Release;
		};
		B31F9EF617C7B1B8002EB13D /* Debug */ = {
			isa = XCBuildConfiguration;
			buildSettings = {
				GCC_PRECOMPILE_PREFIX_HEADER = YES;
				GCC_PREFIX_HEADER = "KVC/KVC-Prefix.pch";
				PRODUCT_NAME = "$(TARGET_NAME)";
			};
			name = Debug;
		};
		B31F9EF717C7B1B8002EB13D /* Release */ = {
			isa = XCBuildConfiguration;
			buildSettings = {
				GCC_PRECOMPILE_PREFIX_HEADER = YES;
				GCC_PREFIX_HEADER = "KVC/KVC-Prefix.pch";
				PRODUCT_NAME = "$(TARGET_NAME)";
			};
			name = Release;
		};
/* End XCBuildConfiguration section */

/* Begin XCConfigurationList section */
		B31F9EE217C7B1B8002EB13D /* Build configuration list for PBXProject "KVC" */ = {
			isa = XCConfigurationList;
			buildConfigurations = (
				B31F9EF317C7B1B8002EB13D /* Debug */,
				B31F9EF417C7B1B8002EB13D /* Release */,
			);
			defaultConfigurationIsVisible = 0;
			defaultConfigurationName = Release;
		};
		B31F9EF517C7B1B8002EB13D /* Build configuration list for PBXNativeTarget "KVC" */ = {
			isa = XCConfigurationList;
			buildConfigurations = (
				B31F9EF617C7B1B8002EB13D /* Debug */,
				B31F9EF717C7B1B8002EB13D /* Release */,
			);
			defaultConfigurationIsVisible = 0;
		};
/* End XCConfigurationList section */
	};
	rootObject = B31F9EDF17C7B1B8002EB13D /* Project object */;
}
