// !$*UTF8*$!
{
	archiveVersion = 1;
	classes = {
	};
	objectVersion = 46;
	objects = {

/* Begin PBXBuildFile section */
		B312DAA1169AEA8200E4FFB5 /* Cocoa.framework in Frameworks */ = {isa = PBXBuildFile; fileRef = B312DAA0169AEA8200E4FFB5 /* Cocoa.framework */; };
		B312DAAB169AEA8200E4FFB5 /* InfoPlist.strings in Resources */ = {isa = PBXBuildFile; fileRef = B312DAA9169AEA8200E4FFB5 /* InfoPlist.strings */; };
		B312DAAD169AEA8200E4FFB5 /* main.m in Sources */ = {isa = PBXBuildFile; fileRef = B312DAAC169AEA8200E4FFB5 /* main.m */; };
		B312DAB1169AEA8200E4FFB5 /* Credits.rtf in Resources */ = {isa = PBXBuildFile; fileRef = B312DAAF169AEA8200E4FFB5 /* Credits.rtf */; };
		B312DAB4169AEA8200E4FFB5 /* AppDelegate.m in Sources */ = {isa = PBXBuildFile; fileRef = B312DAB3169AEA8200E4FFB5 /* AppDelegate.m */; };
		B312DAB7169AEA8300E4FFB5 /* MainMenu.xib in Resources */ = {isa = PBXBuildFile; fileRef = B312DAB5169AEA8300E4FFB5 /* MainMenu.xib */; };
		B312DABF169AEABC00E4FFB5 /* AppController.m in Sources */ = {isa = PBXBuildFile; fileRef = B312DABE169AEABC00E4FFB5 /* AppController.m */; };
/* End PBXBuildFile section */

/* Begin PBXFileReference section */
		B312DA9C169AEA8200E4FFB5 /* CaseTool.app */ = {isa = PBXFileReference; explicitFileType = wrapper.application; includeInIndex = 0; path = CaseTool.app; sourceTree = BUILT_PRODUCTS_DIR; };
		B312DAA0169AEA8200E4FFB5 /* Cocoa.framework */ = {isa = PBXFileReference; lastKnownFileType = wrapper.framework; name = Cocoa.framework; path = System/Library/Frameworks/Cocoa.framework; sourceTree = SDKROOT; };
		B312DAA3169AEA8200E4FFB5 /* AppKit.framework */ = {isa = PBXFileReference; lastKnownFileType = wrapper.framework; name = AppKit.framework; path = System/Library/Frameworks/AppKit.framework; sourceTree = SDKROOT; };
		B312DAA4169AEA8200E4FFB5 /* CoreData.framework */ = {isa = PBXFileReference; lastKnownFileType = wrapper.framework; name = CoreData.framework; path = System/Library/Frameworks/CoreData.framework; sourceTree = SDKROOT; };
		B312DAA5169AEA8200E4FFB5 /* Foundation.framework */ = {isa = PBXFileReference; lastKnownFileType = wrapper.framework; name = Foundation.framework; path = System/Library/Frameworks/Foundation.framework; sourceTree = SDKROOT; };
		B312DAA8169AEA8200E4FFB5 /* CaseTool-Info.plist */ = {isa = PBXFileReference; lastKnownFileType = text.plist.xml; path = "CaseTool-Info.plist"; sourceTree = "<group>"; };
		B312DAAA169AEA8200E4FFB5 /* en */ = {isa = PBXFileReference; lastKnownFileType = text.plist.strings; name = en; path = en.lproj/InfoPlist.strings; sourceTree = "<group>"; };
		B312DAAC169AEA8200E4FFB5 /* main.m */ = {isa = PBXFileReference; lastKnownFileType = sourcecode.c.objc; path = main.m; sourceTree = "<group>"; };
		B312DAAE169AEA8200E4FFB5 /* CaseTool-Prefix.pch */ = {isa = PBXFileReference; lastKnownFileType = sourcecode.c.h; path = "CaseTool-Prefix.pch"; sourceTree = "<group>"; };
		B312DAB0169AEA8200E4FFB5 /* en */ = {isa = PBXFileReference; lastKnownFileType = text.rtf; name = en; path = en.lproj/Credits.rtf; sourceTree = "<group>"; };
		B312DAB2169AEA8200E4FFB5 /* AppDelegate.h */ = {isa = PBXFileReference; lastKnownFileType = sourcecode.c.h; path = AppDelegate.h; sourceTree = "<group>"; };
		B312DAB3169AEA8200E4FFB5 /* AppDelegate.m */ = {isa = PBXFileReference; lastKnownFileType = sourcecode.c.objc; path = AppDelegate.m; sourceTree = "<group>"; };
		B312DAB6169AEA8300E4FFB5 /* en */ = {isa = PBXFileReference; lastKnownFileType = file.xib; name = en; path = en.lproj/MainMenu.xib; sourceTree = "<group>"; };
		B312DABD169AEABC00E4FFB5 /* AppController.h */ = {isa = PBXFileReference; fileEncoding = 4; lastKnownFileType = sourcecode.c.h; path = AppController.h; sourceTree = "<group>"; };
		B312DABE169AEABC00E4FFB5 /* AppController.m */ = {isa = PBXFileReference; fileEncoding = 4; lastKnownFileType = sourcecode.c.objc; path = AppController.m; sourceTree = "<group>"; };
/* End PBXFileReference section */

/* Begin PBXFrameworksBuildPhase section */
		B312DA99169AEA8200E4FFB5 /* Frameworks */ = {
			isa = PBXFrameworksBuildPhase;
			buildActionMask = 2147483647;
			files = (
				B312DAA1169AEA8200E4FFB5 /* Cocoa.framework in Frameworks */,
			);
			runOnlyForDeploymentPostprocessing = 0;
		};
/* End PBXFrameworksBuildPhase section */

/* Begin PBXGroup section */
		B312DA91169AEA8200E4FFB5 = {
			isa = PBXGroup;
			children = (
				B312DAA6169AEA8200E4FFB5 /* CaseTool */,
				B312DA9F169AEA8200E4FFB5 /* Frameworks */,
				B312DA9D169AEA8200E4FFB5 /* Products */,
			);
			sourceTree = "<group>";
		};
		B312DA9D169AEA8200E4FFB5 /* Products */ = {
			isa = PBXGroup;
			children = (
				B312DA9C169AEA8200E4FFB5 /* CaseTool.app */,
			);
			name = Products;
			sourceTree = "<group>";
		};
		B312DA9F169AEA8200E4FFB5 /* Frameworks */ = {
			isa = PBXGroup;
			children = (
				B312DAA0169AEA8200E4FFB5 /* Cocoa.framework */,
				B312DAA2169AEA8200E4FFB5 /* Other Frameworks */,
			);
			name = Frameworks;
			sourceTree = "<group>";
		};
		B312DAA2169AEA8200E4FFB5 /* Other Frameworks */ = {
			isa = PBXGroup;
			children = (
				B312DAA3169AEA8200E4FFB5 /* AppKit.framework */,
				B312DAA4169AEA8200E4FFB5 /* CoreData.framework */,
				B312DAA5169AEA8200E4FFB5 /* Foundation.framework */,
			);
			name = "Other Frameworks";
			sourceTree = "<group>";
		};
		B312DAA6169AEA8200E4FFB5 /* CaseTool */ = {
			isa = PBXGroup;
			children = (
				B312DAB2169AEA8200E4FFB5 /* AppDelegate.h */,
				B312DAB3169AEA8200E4FFB5 /* AppDelegate.m */,
				B312DAB5169AEA8300E4FFB5 /* MainMenu.xib */,
				B312DAA7169AEA8200E4FFB5 /* Supporting Files */,
				B312DABD169AEABC00E4FFB5 /* AppController.h */,
				B312DABE169AEABC00E4FFB5 /* AppController.m */,
			);
			path = CaseTool;
			sourceTree = "<group>";
		};
		B312DAA7169AEA8200E4FFB5 /* Supporting Files */ = {
			isa = PBXGroup;
			children = (
				B312DAA8169AEA8200E4FFB5 /* CaseTool-Info.plist */,
				B312DAA9169AEA8200E4FFB5 /* InfoPlist.strings */,
				B312DAAC169AEA8200E4FFB5 /* main.m */,
				B312DAAE169AEA8200E4FFB5 /* CaseTool-Prefix.pch */,
				B312DAAF169AEA8200E4FFB5 /* Credits.rtf */,
			);
			name = "Supporting Files";
			sourceTree = "<group>";
		};
/* End PBXGroup section */

/* Begin PBXNativeTarget section */
		B312DA9B169AEA8200E4FFB5 /* CaseTool */ = {
			isa = PBXNativeTarget;
			buildConfigurationList = B312DABA169AEA8300E4FFB5 /* Build configuration list for PBXNativeTarget "CaseTool" */;
			buildPhases = (
				B312DA98169AEA8200E4FFB5 /* Sources */,
				B312DA99169AEA8200E4FFB5 /* Frameworks */,
				B312DA9A169AEA8200E4FFB5 /* Resources */,
			);
			buildRules = (
			);
			dependencies = (
			);
			name = CaseTool;
			productName = CaseTool;
			productReference = B312DA9C169AEA8200E4FFB5 /* CaseTool.app */;
			productType = "com.apple.product-type.application";
		};
/* End PBXNativeTarget section */

/* Begin PBXProject section */
		B312DA93169AEA8200E4FFB5 /* Project object */ = {
			isa = PBXProject;
			attributes = {
				LastUpgradeCheck = 0440;
				ORGANIZATIONNAME = "Hendy ";
			};
			buildConfigurationList = B312DA96169AEA8200E4FFB5 /* Build configuration list for PBXProject "CaseTool" */;
			compatibilityVersion = "Xcode 3.2";
			developmentRegion = English;
			hasScannedForEncodings = 0;
			knownRegions = (
				en,
			);
			mainGroup = B312DA91169AEA8200E4FFB5;
			productRefGroup = B312DA9D169AEA8200E4FFB5 /* Products */;
			projectDirPath = "";
			projectRoot = "";
			targets = (
				B312DA9B169AEA8200E4FFB5 /* CaseTool */,
			);
		};
/* End PBXProject section */

/* Begin PBXResourcesBuildPhase section */
		B312DA9A169AEA8200E4FFB5 /* Resources */ = {
			isa = PBXResourcesBuildPhase;
			buildActionMask = 2147483647;
			files = (
				B312DAAB169AEA8200E4FFB5 /* InfoPlist.strings in Resources */,
				B312DAB1169AEA8200E4FFB5 /* Credits.rtf in Resources */,
				B312DAB7169AEA8300E4FFB5 /* MainMenu.xib in Resources */,
			);
			runOnlyForDeploymentPostprocessing = 0;
		};
/* End PBXResourcesBuildPhase section */

/* Begin PBXSourcesBuildPhase section */
		B312DA98169AEA8200E4FFB5 /* Sources */ = {
			isa = PBXSourcesBuildPhase;
			buildActionMask = 2147483647;
			files = (
				B312DAAD169AEA8200E4FFB5 /* main.m in Sources */,
				B312DAB4169AEA8200E4FFB5 /* AppDelegate.m in Sources */,
				B312DABF169AEABC00E4FFB5 /* AppController.m in Sources */,
			);
			runOnlyForDeploymentPostprocessing = 0;
		};
/* End PBXSourcesBuildPhase section */

/* Begin PBXVariantGroup section */
		B312DAA9169AEA8200E4FFB5 /* InfoPlist.strings */ = {
			isa = PBXVariantGroup;
			children = (
				B312DAAA169AEA8200E4FFB5 /* en */,
			);
			name = InfoPlist.strings;
			sourceTree = "<group>";
		};
		B312DAAF169AEA8200E4FFB5 /* Credits.rtf */ = {
			isa = PBXVariantGroup;
			children = (
				B312DAB0169AEA8200E4FFB5 /* en */,
			);
			name = Credits.rtf;
			sourceTree = "<group>";
		};
		B312DAB5169AEA8300E4FFB5 /* MainMenu.xib */ = {
			isa = PBXVariantGroup;
			children = (
				B312DAB6169AEA8300E4FFB5 /* en */,
			);
			name = MainMenu.xib;
			sourceTree = "<group>";
		};
/* End PBXVariantGroup section */

/* Begin XCBuildConfiguration section */
		B312DAB8169AEA8300E4FFB5 /* Debug */ = {
			isa = XCBuildConfiguration;
			buildSettings = {
				ALWAYS_SEARCH_USER_PATHS = NO;
				ARCHS = "$(ARCHS_STANDARD_64_BIT)";
				CLANG_CXX_LANGUAGE_STANDARD = "gnu++0x";
				CLANG_WARN__DUPLICATE_METHOD_MATCH = YES;
				COPY_PHASE_STRIP = NO;
				GCC_C_LANGUAGE_STANDARD = gnu99;
				GCC_DYNAMIC_NO_PIC = NO;
				GCC_ENABLE_OBJC_EXCEPTIONS = YES;
				GCC_OPTIMIZATION_LEVEL = 0;
				GCC_PREPROCESSOR_DEFINITIONS = (
					"DEBUG=1",
					"$(inherited)",
				);
				GCC_SYMBOLS_PRIVATE_EXTERN = NO;
				GCC_WARN_64_TO_32_BIT_CONVERSION = YES;
				GCC_WARN_ABOUT_RETURN_TYPE = YES;
				GCC_WARN_UNINITIALIZED_AUTOS = YES;
				GCC_WARN_UNUSED_VARIABLE = YES;
				MACOSX_DEPLOYMENT_TARGET = 10.7;
				ONLY_ACTIVE_ARCH = YES;
				SDKROOT = macosx;
			};
			name = Debug;
		};
		B312DAB9169AEA8300E4FFB5 /* Release */ = {
			isa = XCBuildConfiguration;
			buildSettings = {
				ALWAYS_SEARCH_USER_PATHS = NO;
				ARCHS = "$(ARCHS_STANDARD_64_BIT)";
				CLANG_CXX_LANGUAGE_STANDARD = "gnu++0x";
				CLANG_WARN__DUPLICATE_METHOD_MATCH = YES;
				COPY_PHASE_STRIP = YES;
				DEBUG_INFORMATION_FORMAT = "dwarf-with-dsym";
				GCC_C_LANGUAGE_STANDARD = gnu99;
				GCC_ENABLE_OBJC_EXCEPTIONS = YES;
				GCC_WARN_64_TO_32_BIT_CONVERSION = YES;
				GCC_WARN_ABOUT_RETURN_TYPE = YES;
				GCC_WARN_UNINITIALIZED_AUTOS = YES;
				GCC_WARN_UNUSED_VARIABLE = YES;
				MACOSX_DEPLOYMENT_TARGET = 10.7;
				SDKROOT = macosx;
			};
			name = Release;
		};
		B312DABB169AEA8300E4FFB5 /* Debug */ = {
			isa = XCBuildConfiguration;
			buildSettings = {
				COMBINE_HIDPI_IMAGES = YES;
				GCC_PRECOMPILE_PREFIX_HEADER = YES;
				GCC_PREFIX_HEADER = "CaseTool/CaseTool-Prefix.pch";
				INFOPLIST_FILE = "CaseTool/CaseTool-Info.plist";
				PRODUCT_NAME = "$(TARGET_NAME)";
				WRAPPER_EXTENSION = app;
			};
			name = Debug;
		};
		B312DABC169AEA8300E4FFB5 /* Release */ = {
			isa = XCBuildConfiguration;
			buildSettings = {
				COMBINE_HIDPI_IMAGES = YES;
				GCC_PRECOMPILE_PREFIX_HEADER = YES;
				GCC_PREFIX_HEADER = "CaseTool/CaseTool-Prefix.pch";
				INFOPLIST_FILE = "CaseTool/CaseTool-Info.plist";
				PRODUCT_NAME = "$(TARGET_NAME)";
				WRAPPER_EXTENSION = app;
			};
			name = Release;
		};
/* End XCBuildConfiguration section */

/* Begin XCConfigurationList section */
		B312DA96169AEA8200E4FFB5 /* Build configuration list for PBXProject "CaseTool" */ = {
			isa = XCConfigurationList;
			buildConfigurations = (
				B312DAB8169AEA8300E4FFB5 /* Debug */,
				B312DAB9169AEA8300E4FFB5 /* Release */,
			);
			defaultConfigurationIsVisible = 0;
			defaultConfigurationName = Release;
		};
		B312DABA169AEA8300E4FFB5 /* Build configuration list for PBXNativeTarget "CaseTool" */ = {
			isa = XCConfigurationList;
			buildConfigurations = (
				B312DABB169AEA8300E4FFB5 /* Debug */,
				B312DABC169AEA8300E4FFB5 /* Release */,
			);
			defaultConfigurationIsVisible = 0;
		};
/* End XCConfigurationList section */
	};
	rootObject = B312DA93169AEA8200E4FFB5 /* Project object */;
}
